# This file was autogenerated by Stack.
# You should not edit this file by hand.
# For more information, please see the documentation at:
#   https://docs.haskellstack.org/en/stable/lock_files

packages:
- completed:
    name: Parser
    pantry-tree:
      sha256: 66af8e5283f1590aedca4f9b08772ef726bc2080d94f58692aa6e9e63e3c9801
      size: 798
    sha256: 065611dee51589d4682fbf02be0dd10505485342d2ee4641cb208a6d23234059
    size: 7875
    url: https://github.com/JacobJEdwards/Parser/archive/fe0e0a7.tar.gz
    version: 0.1.0.0
  original:
    url: https://github.com/JacobJEdwards/Parser/archive/fe0e0a7.tar.gz
- completed:
    name: Stack
    pantry-tree:
      sha256: d1adb5b8075b3c47ea6e21b66ed6a0dd2892c6b5ad020bf22b9a93cfc3208c48
      size: 609
    sha256: 809e60c0d01809449b46de76407797b64ef80bea11337175a0625b994ccbd2a3
    size: 4905
    url: https://github.com/JacobJEdwards/Stack/archive/133c3ad.tar.gz
    version: 0.1.0.0
  original:
    url: https://github.com/JacobJEdwards/Stack/archive/133c3ad.tar.gz
snapshots:
- completed:
    sha256: 098936027eaa1ef14e2b8eb39d9933a973894bb70a68684a1bbf00730249879b
    size: 720001
    url: https://raw.githubusercontent.com/commercialhaskell/stackage-snapshots/master/lts/22/33.yaml
  original: lts-22.33
